// !$*UTF8*$!
{
	archiveVersion = 1;
	classes = {
	};
	objectVersion = 46;
	objects = {

/* Begin PBXBuildFile section */
		9660AF0715AF87A800A62894 /* ViewController_iPad_L.xib in Resources */ = {isa = PBXBuildFile; fileRef = 9660AF0515AF87A800A62894 /* ViewController_iPad_L.xib */; };
		969A9BED15AF82F400DA2558 /* UIKit.framework in Frameworks */ = {isa = PBXBuildFile; fileRef = 969A9BEC15AF82F400DA2558 /* UIKit.framework */; };
		969A9BEF15AF82F400DA2558 /* Foundation.framework in Frameworks */ = {isa = PBXBuildFile; fileRef = 969A9BEE15AF82F400DA2558 /* Foundation.framework */; };
		969A9BF115AF82F400DA2558 /* CoreGraphics.framework in Frameworks */ = {isa = PBXBuildFile; fileRef = 969A9BF015AF82F400DA2558 /* CoreGraphics.framework */; };
		969A9BF715AF82F400DA2558 /* InfoPlist.strings in Resources */ = {isa = PBXBuildFile; fileRef = 969A9BF515AF82F400DA2558 /* InfoPlist.strings */; };
		969A9BF915AF82F400DA2558 /* main.m in Sources */ = {isa = PBXBuildFile; fileRef = 969A9BF815AF82F400DA2558 /* main.m */; };
		969A9BFD15AF82F400DA2558 /* AppDelegate.m in Sources */ = {isa = PBXBuildFile; fileRef = 969A9BFC15AF82F400DA2558 /* AppDelegate.m */; };
		969A9C0015AF82F400DA2558 /* ViewController.m in Sources */ = {isa = PBXBuildFile; fileRef = 969A9BFF15AF82F400DA2558 /* ViewController.m */; };
		969A9C0315AF82F400DA2558 /* ViewController_iPhone.xib in Resources */ = {isa = PBXBuildFile; fileRef = 969A9C0115AF82F400DA2558 /* ViewController_iPhone.xib */; };
		969A9C0615AF82F400DA2558 /* ViewController_iPad_P.xib in Resources */ = {isa = PBXBuildFile; fileRef = 969A9C0415AF82F400DA2558 /* ViewController_iPad_P.xib */; };
		969A9C1315AF850700DA2558 /* OuterViewController.m in Sources */ = {isa = PBXBuildFile; fileRef = 969A9C1215AF850700DA2558 /* OuterViewController.m */; };
/* End PBXBuildFile section */

/* Begin PBXFileReference section */
		9660AF0515AF87A800A62894 /* ViewController_iPad_L.xib */ = {isa = PBXFileReference; fileEncoding = 4; lastKnownFileType = file.xib; path = ViewController_iPad_L.xib; sourceTree = "<group>"; };
		969A9BE815AF82F400DA2558 /* TripleView.app */ = {isa = PBXFileReference; explicitFileType = wrapper.application; includeInIndex = 0; path = TripleView.app; sourceTree = BUILT_PRODUCTS_DIR; };
		969A9BEC15AF82F400DA2558 /* UIKit.framework */ = {isa = PBXFileReference; lastKnownFileType = wrapper.framework; name = UIKit.framework; path = System/Library/Frameworks/UIKit.framework; sourceTree = SDKROOT; };
		969A9BEE15AF82F400DA2558 /* Foundation.framework */ = {isa = PBXFileReference; lastKnownFileType = wrapper.framework; name = Foundation.framework; path = System/Library/Frameworks/Foundation.framework; sourceTree = SDKROOT; };
		969A9BF015AF82F400DA2558 /* CoreGraphics.framework */ = {isa = PBXFileReference; lastKnownFileType = wrapper.framework; name = CoreGraphics.framework; path = System/Library/Frameworks/CoreGraphics.framework; sourceTree = SDKROOT; };
		969A9BF415AF82F400DA2558 /* TripleView-Info.plist */ = {isa = PBXFileReference; lastKnownFileType = text.plist.xml; path = "TripleView-Info.plist"; sourceTree = "<group>"; };
		969A9BF615AF82F400DA2558 /* en */ = {isa = PBXFileReference; lastKnownFileType = text.plist.strings; name = en; path = en.lproj/InfoPlist.strings; sourceTree = "<group>"; };
		969A9BF815AF82F400DA2558 /* main.m */ = {isa = PBXFileReference; lastKnownFileType = sourcecode.c.objc; path = main.m; sourceTree = "<group>"; };
		969A9BFA15AF82F400DA2558 /* TripleView-Prefix.pch */ = {isa = PBXFileReference; lastKnownFileType = sourcecode.c.h; path = "TripleView-Prefix.pch"; sourceTree = "<group>"; };
		969A9BFB15AF82F400DA2558 /* AppDelegate.h */ = {isa = PBXFileReference; lastKnownFileType = sourcecode.c.h; path = AppDelegate.h; sourceTree = "<group>"; };
		969A9BFC15AF82F400DA2558 /* AppDelegate.m */ = {isa = PBXFileReference; lastKnownFileType = sourcecode.c.objc; path = AppDelegate.m; sourceTree = "<group>"; };
		969A9BFE15AF82F400DA2558 /* ViewController.h */ = {isa = PBXFileReference; lastKnownFileType = sourcecode.c.h; path = ViewController.h; sourceTree = "<group>"; };
		969A9BFF15AF82F400DA2558 /* ViewController.m */ = {isa = PBXFileReference; lastKnownFileType = sourcecode.c.objc; path = ViewController.m; sourceTree = "<group>"; };
		969A9C0215AF82F400DA2558 /* en */ = {isa = PBXFileReference; lastKnownFileType = file.xib; name = en; path = en.lproj/ViewController_iPhone.xib; sourceTree = "<group>"; };
		969A9C0515AF82F400DA2558 /* en */ = {isa = PBXFileReference; lastKnownFileType = file.xib; name = en; path = en.lproj/ViewController_iPad_P.xib; sourceTree = "<group>"; };
		969A9C1115AF850700DA2558 /* OuterViewController.h */ = {isa = PBXFileReference; fileEncoding = 4; lastKnownFileType = sourcecode.c.h; name = OuterViewController.h; path = ../OuterViewController.h; sourceTree = "<group>"; };
		969A9C1215AF850700DA2558 /* OuterViewController.m */ = {isa = PBXFileReference; fileEncoding = 4; lastKnownFileType = sourcecode.c.objc; name = OuterViewController.m; path = ../OuterViewController.m; sourceTree = "<group>"; };
/* End PBXFileReference section */

/* Begin PBXFrameworksBuildPhase section */
		969A9BE515AF82F400DA2558 /* Frameworks */ = {
			isa = PBXFrameworksBuildPhase;
			buildActionMask = 2147483647;
			files = (
				969A9BED15AF82F400DA2558 /* UIKit.framework in Frameworks */,
				969A9BEF15AF82F400DA2558 /* Foundation.framework in Frameworks */,
				969A9BF115AF82F400DA2558 /* CoreGraphics.framework in Frameworks */,
			);
			runOnlyForDeploymentPostprocessing = 0;
		};
/* End PBXFrameworksBuildPhase section */

/* Begin PBXGroup section */
		969A9BDD15AF82F400DA2558 = {
			isa = PBXGroup;
			children = (
				969A9BF215AF82F400DA2558 /* TripleView */,
				969A9BEB15AF82F400DA2558 /* Frameworks */,
				969A9BE915AF82F400DA2558 /* Products */,
			);
			sourceTree = "<group>";
		};
		969A9BE915AF82F400DA2558 /* Products */ = {
			isa = PBXGroup;
			children = (
				969A9BE815AF82F400DA2558 /* TripleView.app */,
			);
			name = Products;
			sourceTree = "<group>";
		};
		969A9BEB15AF82F400DA2558 /* Frameworks */ = {
			isa = PBXGroup;
			children = (
				969A9BEC15AF82F400DA2558 /* UIKit.framework */,
				969A9BEE15AF82F400DA2558 /* Foundation.framework */,
				969A9BF015AF82F400DA2558 /* CoreGraphics.framework */,
			);
			name = Frameworks;
			sourceTree = "<group>";
		};
		969A9BF215AF82F400DA2558 /* TripleView */ = {
			isa = PBXGroup;
			children = (
				969A9BFB15AF82F400DA2558 /* AppDelegate.h */,
				969A9BFC15AF82F400DA2558 /* AppDelegate.m */,
				969A9C1115AF850700DA2558 /* OuterViewController.h */,
				969A9C1215AF850700DA2558 /* OuterViewController.m */,
				969A9BFE15AF82F400DA2558 /* ViewController.h */,
				969A9BFF15AF82F400DA2558 /* ViewController.m */,
				969A9C0115AF82F400DA2558 /* ViewController_iPhone.xib */,
				969A9C0415AF82F400DA2558 /* ViewController_iPad_P.xib */,
				9660AF0515AF87A800A62894 /* ViewController_iPad_L.xib */,
				969A9BF315AF82F400DA2558 /* Supporting Files */,
			);
			path = TripleView;
			sourceTree = "<group>";
		};
		969A9BF315AF82F400DA2558 /* Supporting Files */ = {
			isa = PBXGroup;
			children = (
				969A9BF415AF82F400DA2558 /* TripleView-Info.plist */,
				969A9BF515AF82F400DA2558 /* InfoPlist.strings */,
				969A9BF815AF82F400DA2558 /* main.m */,
				969A9BFA15AF82F400DA2558 /* TripleView-Prefix.pch */,
			);
			name = "Supporting Files";
			sourceTree = "<group>";
		};
/* End PBXGroup section */

/* Begin PBXNativeTarget section */
		969A9BE715AF82F400DA2558 /* TripleView */ = {
			isa = PBXNativeTarget;
			buildConfigurationList = 969A9C0915AF82F400DA2558 /* Build configuration list for PBXNativeTarget "TripleView" */;
			buildPhases = (
				969A9BE415AF82F400DA2558 /* Sources */,
				969A9BE515AF82F400DA2558 /* Frameworks */,
				969A9BE615AF82F400DA2558 /* Resources */,
			);
			buildRules = (
			);
			dependencies = (
			);
			name = TripleView;
			productName = TripleView;
			productReference = 969A9BE815AF82F400DA2558 /* TripleView.app */;
			productType = "com.apple.product-type.application";
		};
/* End PBXNativeTarget section */

/* Begin PBXProject section */
		969A9BDF15AF82F400DA2558 /* Project object */ = {
			isa = PBXProject;
			attributes = {
				LastUpgradeCheck = 0430;
				ORGANIZATIONNAME = "29th Street Publishing";
			};
			buildConfigurationList = 969A9BE215AF82F400DA2558 /* Build configuration list for PBXProject "TripleView" */;
			compatibilityVersion = "Xcode 3.2";
			developmentRegion = English;
			hasScannedForEncodings = 0;
			knownRegions = (
				en,
			);
			mainGroup = 969A9BDD15AF82F400DA2558;
			productRefGroup = 969A9BE915AF82F400DA2558 /* Products */;
			projectDirPath = "";
			projectRoot = "";
			targets = (
				969A9BE715AF82F400DA2558 /* TripleView */,
			);
		};
/* End PBXProject section */

/* Begin PBXResourcesBuildPhase section */
		969A9BE615AF82F400DA2558 /* Resources */ = {
			isa = PBXResourcesBuildPhase;
			buildActionMask = 2147483647;
			files = (
				969A9BF715AF82F400DA2558 /* InfoPlist.strings in Resources */,
				969A9C0315AF82F400DA2558 /* ViewController_iPhone.xib in Resources */,
				969A9C0615AF82F400DA2558 /* ViewController_iPad_P.xib in Resources */,
				9660AF0715AF87A800A62894 /* ViewController_iPad_L.xib in Resources */,
			);
			runOnlyForDeploymentPostprocessing = 0;
		};
/* End PBXResourcesBuildPhase section */

/* Begin PBXSourcesBuildPhase section */
		969A9BE415AF82F400DA2558 /* Sources */ = {
			isa = PBXSourcesBuildPhase;
			buildActionMask = 2147483647;
			files = (
				969A9BF915AF82F400DA2558 /* main.m in Sources */,
				969A9BFD15AF82F400DA2558 /* AppDelegate.m in Sources */,
				969A9C0015AF82F400DA2558 /* ViewController.m in Sources */,
				969A9C1315AF850700DA2558 /* OuterViewController.m in Sources */,
			);
			runOnlyForDeploymentPostprocessing = 0;
		};
/* End PBXSourcesBuildPhase section */

/* Begin PBXVariantGroup section */
		969A9BF515AF82F400DA2558 /* InfoPlist.strings */ = {
			isa = PBXVariantGroup;
			children = (
				969A9BF615AF82F400DA2558 /* en */,
			);
			name = InfoPlist.strings;
			sourceTree = "<group>";
		};
		969A9C0115AF82F400DA2558 /* ViewController_iPhone.xib */ = {
			isa = PBXVariantGroup;
			children = (
				969A9C0215AF82F400DA2558 /* en */,
			);
			name = ViewController_iPhone.xib;
			sourceTree = "<group>";
		};
		969A9C0415AF82F400DA2558 /* ViewController_iPad_P.xib */ = {
			isa = PBXVariantGroup;
			children = (
				969A9C0515AF82F400DA2558 /* en */,
			);
			name = ViewController_iPad_P.xib;
			sourceTree = "<group>";
		};
/* End PBXVariantGroup section */

/* Begin XCBuildConfiguration section */
		969A9C0715AF82F400DA2558 /* Debug */ = {
			isa = XCBuildConfiguration;
			buildSettings = {
				ALWAYS_SEARCH_USER_PATHS = NO;
				ARCHS = "$(ARCHS_STANDARD_32_BIT)";
				CLANG_ENABLE_OBJC_ARC = YES;
				"CODE_SIGN_IDENTITY[sdk=iphoneos*]" = "iPhone Developer";
				COPY_PHASE_STRIP = NO;
				GCC_C_LANGUAGE_STANDARD = gnu99;
				GCC_DYNAMIC_NO_PIC = NO;
				GCC_OPTIMIZATION_LEVEL = 0;
				GCC_PREPROCESSOR_DEFINITIONS = (
					"DEBUG=1",
					"$(inherited)",
				);
				GCC_SYMBOLS_PRIVATE_EXTERN = NO;
				GCC_VERSION = com.apple.compilers.llvm.clang.1_0;
				GCC_WARN_ABOUT_RETURN_TYPE = YES;
				GCC_WARN_UNINITIALIZED_AUTOS = YES;
				GCC_WARN_UNUSED_VARIABLE = YES;
				IPHONEOS_DEPLOYMENT_TARGET = 5.1;
				SDKROOT = iphoneos;
				TARGETED_DEVICE_FAMILY = "1,2";
			};
			name = Debug;
		};
		969A9C0815AF82F400DA2558 /* Release */ = {
			isa = XCBuildConfiguration;
			buildSettings = {
				ALWAYS_SEARCH_USER_PATHS = NO;
				ARCHS = "$(ARCHS_STANDARD_32_BIT)";
				CLANG_ENABLE_OBJC_ARC = YES;
				"CODE_SIGN_IDENTITY[sdk=iphoneos*]" = "iPhone Developer";
				COPY_PHASE_STRIP = YES;
				GCC_C_LANGUAGE_STANDARD = gnu99;
				GCC_VERSION = com.apple.compilers.llvm.clang.1_0;
				GCC_WARN_ABOUT_RETURN_TYPE = YES;
				GCC_WARN_UNINITIALIZED_AUTOS = YES;
				GCC_WARN_UNUSED_VARIABLE = YES;
				IPHONEOS_DEPLOYMENT_TARGET = 5.1;
				OTHER_CFLAGS = "-DNS_BLOCK_ASSERTIONS=1";
				SDKROOT = iphoneos;
				TARGETED_DEVICE_FAMILY = "1,2";
				VALIDATE_PRODUCT = YES;
			};
			name = Release;
		};
		969A9C0A15AF82F400DA2558 /* Debug */ = {
			isa = XCBuildConfiguration;
			buildSettings = {
				GCC_PRECOMPILE_PREFIX_HEADER = YES;
				GCC_PREFIX_HEADER = "TripleView/TripleView-Prefix.pch";
				INFOPLIST_FILE = "TripleView/TripleView-Info.plist";
				PRODUCT_NAME = "$(TARGET_NAME)";
				WRAPPER_EXTENSION = app;
			};
			name = Debug;
		};
		969A9C0B15AF82F400DA2558 /* Release */ = {
			isa = XCBuildConfiguration;
			buildSettings = {
				GCC_PRECOMPILE_PREFIX_HEADER = YES;
				GCC_PREFIX_HEADER = "TripleView/TripleView-Prefix.pch";
				INFOPLIST_FILE = "TripleView/TripleView-Info.plist";
				PRODUCT_NAME = "$(TARGET_NAME)";
				WRAPPER_EXTENSION = app;
			};
			name = Release;
		};
/* End XCBuildConfiguration section */

/* Begin XCConfigurationList section */
		969A9BE215AF82F400DA2558 /* Build configuration list for PBXProject "TripleView" */ = {
			isa = XCConfigurationList;
			buildConfigurations = (
				969A9C0715AF82F400DA2558 /* Debug */,
				969A9C0815AF82F400DA2558 /* Release */,
			);
			defaultConfigurationIsVisible = 0;
			defaultConfigurationName = Release;
		};
		969A9C0915AF82F400DA2558 /* Build configuration list for PBXNativeTarget "TripleView" */ = {
			isa = XCConfigurationList;
			buildConfigurations = (
				969A9C0A15AF82F400DA2558 /* Debug */,
				969A9C0B15AF82F400DA2558 /* Release */,
			);
			defaultConfigurationIsVisible = 0;
			defaultConfigurationName = Release;
		};
/* End XCConfigurationList section */
	};
	rootObject = 969A9BDF15AF82F400DA2558 /* Project object */;
}
